
Microsoft Visual Studio Solution File, Format Version 12.00
# Visual Studio Version 17
VisualStudioVersion = 17.14.36511.14 d17.14
MinimumVisualStudioVersion = 10.0.40219.1
Project("{FAE04EC0-301F-11D3-BF4B-00C04F79EFBC}") = "SchoolManagement", "SchoolManagement\SchoolManagement.csproj", "{92467052-F338-49E4-8059-6A173A04A4CA}"
EndProject
Global
	GlobalSection(SolutionConfigurationPlatforms) = preSolution
		Debug|Any CPU = Debug|Any CPU
		Release|Any CPU = Release|Any CPU
	EndGlobalSection
	GlobalSection(ProjectConfigurationPlatforms) = postSolution
		{92467052-F338-49E4-8059-6A173A04A4CA}.Debug|Any CPU.ActiveCfg = Debug|Any CPU
		{92467052-F338-49E4-8059-6A173A04A4CA}.Debug|Any CPU.Build.0 = Debug|Any CPU
		{92467052-F338-49E4-8059-6A173A04A4CA}.Release|Any CPU.ActiveCfg = Release|Any CPU
		{92467052-F338-49E4-8059-6A173A04A4CA}.Release|Any CPU.Build.0 = Release|Any CPU
	EndGlobalSection
	GlobalSection(SolutionProperties) = preSolution
		HideSolutionNode = FALSE
	EndGlobalSection
	GlobalSection(ExtensibilityGlobals) = postSolution
		SolutionGuid = {B680886C-2C20-4204-AEF0-EF7C4C2828EF}
	EndGlobalSection
EndGlobal
